// !$*UTF8*$!
{
	archiveVersion = 1;
	classes = {
	};
	objectVersion = 46;
	objects = {

/* Begin PBXBuildFile section */
		EB4ABDEE1C14552F00935DAC /* AppDelegate.swift in Sources */ = {isa = PBXBuildFile; fileRef = EB4ABDED1C14552F00935DAC /* AppDelegate.swift */; };
		EB4ABE031C14552F00935DAC /* Edoardo_DCTests.swift in Sources */ = {isa = PBXBuildFile; fileRef = EB4ABE021C14552F00935DAC /* Edoardo_DCTests.swift */; };
		EB4ABE0E1C14552F00935DAC /* Edoardo_DCUITests.swift in Sources */ = {isa = PBXBuildFile; fileRef = EB4ABE0D1C14552F00935DAC /* Edoardo_DCUITests.swift */; };
		EB4ABE1C1C14554100935DAC /* SecondViewController.swift in Sources */ = {isa = PBXBuildFile; fileRef = EB4ABE1B1C14554100935DAC /* SecondViewController.swift */; };
		EB4ABE1E1C14555900935DAC /* FirstViewController.swift in Sources */ = {isa = PBXBuildFile; fileRef = EB4ABE1D1C14555900935DAC /* FirstViewController.swift */; };
		EB4ABE211C14556E00935DAC /* LaunchScreen.storyboard in Resources */ = {isa = PBXBuildFile; fileRef = EB4ABE1F1C14556E00935DAC /* LaunchScreen.storyboard */; };
		EB4ABE221C14556E00935DAC /* Main.storyboard in Resources */ = {isa = PBXBuildFile; fileRef = EB4ABE201C14556E00935DAC /* Main.storyboard */; };
		EB4ABE241C14558100935DAC /* Assets.xcassets in Resources */ = {isa = PBXBuildFile; fileRef = EB4ABE231C14558100935DAC /* Assets.xcassets */; };
		EB4ABE261C14720B00935DAC /* ThirdViewController.swift in Sources */ = {isa = PBXBuildFile; fileRef = EB4ABE251C14720B00935DAC /* ThirdViewController.swift */; };
/* End PBXBuildFile section */

/* Begin PBXContainerItemProxy section */
		EB4ABDFF1C14552F00935DAC /* PBXContainerItemProxy */ = {
			isa = PBXContainerItemProxy;
			containerPortal = EB4ABDE21C14552F00935DAC /* Project object */;
			proxyType = 1;
			remoteGlobalIDString = EB4ABDE91C14552F00935DAC;
			remoteInfo = "Edoardo DC";
		};
		EB4ABE0A1C14552F00935DAC /* PBXContainerItemProxy */ = {
			isa = PBXContainerItemProxy;
			containerPortal = EB4ABDE21C14552F00935DAC /* Project object */;
			proxyType = 1;
			remoteGlobalIDString = EB4ABDE91C14552F00935DAC;
			remoteInfo = "Edoardo DC";
		};
/* End PBXContainerItemProxy section */

/* Begin PBXFileReference section */
		EB4ABDEA1C14552F00935DAC /* Edoardo DC.app */ = {isa = PBXFileReference; explicitFileType = wrapper.application; includeInIndex = 0; path = "Edoardo DC.app"; sourceTree = BUILT_PRODUCTS_DIR; };
		EB4ABDED1C14552F00935DAC /* AppDelegate.swift */ = {isa = PBXFileReference; lastKnownFileType = sourcecode.swift; path = AppDelegate.swift; sourceTree = "<group>"; };
		EB4ABDF91C14552F00935DAC /* Info.plist */ = {isa = PBXFileReference; lastKnownFileType = text.plist.xml; path = Info.plist; sourceTree = "<group>"; };
		EB4ABDFE1C14552F00935DAC /* Edoardo DCTests.xctest */ = {isa = PBXFileReference; explicitFileType = wrapper.cfbundle; includeInIndex = 0; path = "Edoardo DCTests.xctest"; sourceTree = BUILT_PRODUCTS_DIR; };
		EB4ABE021C14552F00935DAC /* Edoardo_DCTests.swift */ = {isa = PBXFileReference; lastKnownFileType = sourcecode.swift; path = Edoardo_DCTests.swift; sourceTree = "<group>"; };
		EB4ABE041C14552F00935DAC /* Info.plist */ = {isa = PBXFileReference; lastKnownFileType = text.plist.xml; path = Info.plist; sourceTree = "<group>"; };
		EB4ABE091C14552F00935DAC /* Edoardo DCUITests.xctest */ = {isa = PBXFileReference; explicitFileType = wrapper.cfbundle; includeInIndex = 0; path = "Edoardo DCUITests.xctest"; sourceTree = BUILT_PRODUCTS_DIR; };
		EB4ABE0D1C14552F00935DAC /* Edoardo_DCUITests.swift */ = {isa = PBXFileReference; lastKnownFileType = sourcecode.swift; path = Edoardo_DCUITests.swift; sourceTree = "<group>"; };
		EB4ABE0F1C14552F00935DAC /* Info.plist */ = {isa = PBXFileReference; lastKnownFileType = text.plist.xml; path = Info.plist; sourceTree = "<group>"; };
		EB4ABE1B1C14554100935DAC /* SecondViewController.swift */ = {isa = PBXFileReference; fileEncoding = 4; lastKnownFileType = sourcecode.swift; path = SecondViewController.swift; sourceTree = "<group>"; };
		EB4ABE1D1C14555900935DAC /* FirstViewController.swift */ = {isa = PBXFileReference; fileEncoding = 4; lastKnownFileType = sourcecode.swift; path = FirstViewController.swift; sourceTree = "<group>"; };
		EB4ABE1F1C14556E00935DAC /* LaunchScreen.storyboard */ = {isa = PBXFileReference; fileEncoding = 4; lastKnownFileType = file.storyboard; path = LaunchScreen.storyboard; sourceTree = "<group>"; };
		EB4ABE201C14556E00935DAC /* Main.storyboard */ = {isa = PBXFileReference; fileEncoding = 4; lastKnownFileType = file.storyboard; path = Main.storyboard; sourceTree = "<group>"; };
		EB4ABE231C14558100935DAC /* Assets.xcassets */ = {isa = PBXFileReference; lastKnownFileType = folder.assetcatalog; path = Assets.xcassets; sourceTree = "<group>"; };
		EB4ABE251C14720B00935DAC /* ThirdViewController.swift */ = {isa = PBXFileReference; fileEncoding = 4; lastKnownFileType = sourcecode.swift; path = ThirdViewController.swift; sourceTree = "<group>"; };
/* End PBXFileReference section */

/* Begin PBXFrameworksBuildPhase section */
		EB4ABDE71C14552F00935DAC /* Frameworks */ = {
			isa = PBXFrameworksBuildPhase;
			buildActionMask = 2147483647;
			files = (
			);
			runOnlyForDeploymentPostprocessing = 0;
		};
		EB4ABDFB1C14552F00935DAC /* Frameworks */ = {
			isa = PBXFrameworksBuildPhase;
			buildActionMask = 2147483647;
			files = (
			);
			runOnlyForDeploymentPostprocessing = 0;
		};
		EB4ABE061C14552F00935DAC /* Frameworks */ = {
			isa = PBXFrameworksBuildPhase;
			buildActionMask = 2147483647;
			files = (
			);
			runOnlyForDeploymentPostprocessing = 0;
		};
/* End PBXFrameworksBuildPhase section */

/* Begin PBXGroup section */
		EB4ABDE11C14552F00935DAC = {
			isa = PBXGroup;
			children = (
				EB4ABDEC1C14552F00935DAC /* Edoardo DC */,
				EB4ABE011C14552F00935DAC /* Edoardo DCTests */,
				EB4ABE0C1C14552F00935DAC /* Edoardo DCUITests */,
				EB4ABDEB1C14552F00935DAC /* Products */,
			);
			sourceTree = "<group>";
		};
		EB4ABDEB1C14552F00935DAC /* Products */ = {
			isa = PBXGroup;
			children = (
				EB4ABDEA1C14552F00935DAC /* Edoardo DC.app */,
				EB4ABDFE1C14552F00935DAC /* Edoardo DCTests.xctest */,
				EB4ABE091C14552F00935DAC /* Edoardo DCUITests.xctest */,
			);
			name = Products;
			sourceTree = "<group>";
		};
		EB4ABDEC1C14552F00935DAC /* Edoardo DC */ = {
			isa = PBXGroup;
			children = (
				EB4ABDED1C14552F00935DAC /* AppDelegate.swift */,
				EB4ABE1D1C14555900935DAC /* FirstViewController.swift */,
				EB4ABE1B1C14554100935DAC /* SecondViewController.swift */,
				EB4ABE201C14556E00935DAC /* Main.storyboard */,
				EB4ABE251C14720B00935DAC /* ThirdViewController.swift */,
				EB4ABE1F1C14556E00935DAC /* LaunchScreen.storyboard */,
				EB4ABE231C14558100935DAC /* Assets.xcassets */,
				EB4ABDF91C14552F00935DAC /* Info.plist */,
			);
			path = "Edoardo DC";
			sourceTree = "<group>";
		};
		EB4ABE011C14552F00935DAC /* Edoardo DCTests */ = {
			isa = PBXGroup;
			children = (
				EB4ABE021C14552F00935DAC /* Edoardo_DCTests.swift */,
				EB4ABE041C14552F00935DAC /* Info.plist */,
			);
			path = "Edoardo DCTests";
			sourceTree = "<group>";
		};
		EB4ABE0C1C14552F00935DAC /* Edoardo DCUITests */ = {
			isa = PBXGroup;
			children = (
				EB4ABE0D1C14552F00935DAC /* Edoardo_DCUITests.swift */,
				EB4ABE0F1C14552F00935DAC /* Info.plist */,
			);
			path = "Edoardo DCUITests";
			sourceTree = "<group>";
		};
/* End PBXGroup section */

/* Begin PBXNativeTarget section */
		EB4ABDE91C14552F00935DAC /* Edoardo DC */ = {
			isa = PBXNativeTarget;
			buildConfigurationList = EB4ABE121C14552F00935DAC /* Build configuration list for PBXNativeTarget "Edoardo DC" */;
			buildPhases = (
				EB4ABDE61C14552F00935DAC /* Sources */,
				EB4ABDE71C14552F00935DAC /* Frameworks */,
				EB4ABDE81C14552F00935DAC /* Resources */,
			);
			buildRules = (
			);
			dependencies = (
			);
			name = "Edoardo DC";
			productName = "Edoardo DC";
			productReference = EB4ABDEA1C14552F00935DAC /* Edoardo DC.app */;
			productType = "com.apple.product-type.application";
		};
		EB4ABDFD1C14552F00935DAC /* Edoardo DCTests */ = {
			isa = PBXNativeTarget;
			buildConfigurationList = EB4ABE151C14552F00935DAC /* Build configuration list for PBXNativeTarget "Edoardo DCTests" */;
			buildPhases = (
				EB4ABDFA1C14552F00935DAC /* Sources */,
				EB4ABDFB1C14552F00935DAC /* Frameworks */,
				EB4ABDFC1C14552F00935DAC /* Resources */,
			);
			buildRules = (
			);
			dependencies = (
				EB4ABE001C14552F00935DAC /* PBXTargetDependency */,
			);
			name = "Edoardo DCTests";
			productName = "Edoardo DCTests";
			productReference = EB4ABDFE1C14552F00935DAC /* Edoardo DCTests.xctest */;
			productType = "com.apple.product-type.bundle.unit-test";
		};
		EB4ABE081C14552F00935DAC /* Edoardo DCUITests */ = {
			isa = PBXNativeTarget;
			buildConfigurationList = EB4ABE181C14552F00935DAC /* Build configuration list for PBXNativeTarget "Edoardo DCUITests" */;
			buildPhases = (
				EB4ABE051C14552F00935DAC /* Sources */,
				EB4ABE061C14552F00935DAC /* Frameworks */,
				EB4ABE071C14552F00935DAC /* Resources */,
			);
			buildRules = (
			);
			dependencies = (
				EB4ABE0B1C14552F00935DAC /* PBXTargetDependency */,
			);
			name = "Edoardo DCUITests";
			productName = "Edoardo DCUITests";
			productReference = EB4ABE091C14552F00935DAC /* Edoardo DCUITests.xctest */;
			productType = "com.apple.product-type.bundle.ui-testing";
		};
/* End PBXNativeTarget section */

/* Begin PBXProject section */
		EB4ABDE21C14552F00935DAC /* Project object */ = {
			isa = PBXProject;
			attributes = {
				LastSwiftUpdateCheck = 0710;
				LastUpgradeCheck = 0710;
				ORGANIZATIONNAME = "Il cloud non esiste";
				TargetAttributes = {
					EB4ABDE91C14552F00935DAC = {
						CreatedOnToolsVersion = 7.1.1;
						DevelopmentTeam = WC2NUT8MA5;
					};
					EB4ABDFD1C14552F00935DAC = {
						CreatedOnToolsVersion = 7.1.1;
						DevelopmentTeam = WC2NUT8MA5;
						TestTargetID = EB4ABDE91C14552F00935DAC;
					};
					EB4ABE081C14552F00935DAC = {
						CreatedOnToolsVersion = 7.1.1;
						DevelopmentTeam = WC2NUT8MA5;
						TestTargetID = EB4ABDE91C14552F00935DAC;
					};
				};
			};
			buildConfigurationList = EB4ABDE51C14552F00935DAC /* Build configuration list for PBXProject "Edoardo DC" */;
			compatibilityVersion = "Xcode 3.2";
			developmentRegion = English;
			hasScannedForEncodings = 0;
			knownRegions = (
				en,
				Base,
			);
			mainGroup = EB4ABDE11C14552F00935DAC;
			productRefGroup = EB4ABDEB1C14552F00935DAC /* Products */;
			projectDirPath = "";
			projectRoot = "";
			targets = (
				EB4ABDE91C14552F00935DAC /* Edoardo DC */,
				EB4ABDFD1C14552F00935DAC /* Edoardo DCTests */,
				EB4ABE081C14552F00935DAC /* Edoardo DCUITests */,
			);
		};
/* End PBXProject section */

/* Begin PBXResourcesBuildPhase section */
		EB4ABDE81C14552F00935DAC /* Resources */ = {
			isa = PBXResourcesBuildPhase;
			buildActionMask = 2147483647;
			files = (
				EB4ABE221C14556E00935DAC /* Main.storyboard in Resources */,
				EB4ABE241C14558100935DAC /* Assets.xcassets in Resources */,
				EB4ABE211C14556E00935DAC /* LaunchScreen.storyboard in Resources */,
			);
			runOnlyForDeploymentPostprocessing = 0;
		};
		EB4ABDFC1C14552F00935DAC /* Resources */ = {
			isa = PBXResourcesBuildPhase;
			buildActionMask = 2147483647;
			files = (
			);
			runOnlyForDeploymentPostprocessing = 0;
		};
		EB4ABE071C14552F00935DAC /* Resources */ = {
			isa = PBXResourcesBuildPhase;
			buildActionMask = 2147483647;
			files = (
			);
			runOnlyForDeploymentPostprocessing = 0;
		};
/* End PBXResourcesBuildPhase section */

/* Begin PBXSourcesBuildPhase section */
		EB4ABDE61C14552F00935DAC /* Sources */ = {
			isa = PBXSourcesBuildPhase;
			buildActionMask = 2147483647;
			files = (
				EB4ABE1E1C14555900935DAC /* FirstViewController.swift in Sources */,
				EB4ABE1C1C14554100935DAC /* SecondViewController.swift in Sources */,
				EB4ABE261C14720B00935DAC /* ThirdViewController.swift in Sources */,
				EB4ABDEE1C14552F00935DAC /* AppDelegate.swift in Sources */,
			);
			runOnlyForDeploymentPostprocessing = 0;
		};
		EB4ABDFA1C14552F00935DAC /* Sources */ = {
			isa = PBXSourcesBuildPhase;
			buildActionMask = 2147483647;
			files = (
				EB4ABE031C14552F00935DAC /* Edoardo_DCTests.swift in Sources */,
			);
			runOnlyForDeploymentPostprocessing = 0;
		};
		EB4ABE051C14552F00935DAC /* Sources */ = {
			isa = PBXSourcesBuildPhase;
			buildActionMask = 2147483647;
			files = (
				EB4ABE0E1C14552F00935DAC /* Edoardo_DCUITests.swift in Sources */,
			);
			runOnlyForDeploymentPostprocessing = 0;
		};
/* End PBXSourcesBuildPhase section */

/* Begin PBXTargetDependency section */
		EB4ABE001C14552F00935DAC /* PBXTargetDependency */ = {
			isa = PBXTargetDependency;
			target = EB4ABDE91C14552F00935DAC /* Edoardo DC */;
			targetProxy = EB4ABDFF1C14552F00935DAC /* PBXContainerItemProxy */;
		};
		EB4ABE0B1C14552F00935DAC /* PBXTargetDependency */ = {
			isa = PBXTargetDependency;
			target = EB4ABDE91C14552F00935DAC /* Edoardo DC */;
			targetProxy = EB4ABE0A1C14552F00935DAC /* PBXContainerItemProxy */;
		};
/* End PBXTargetDependency section */

/* Begin XCBuildConfiguration section */
		EB4ABE101C14552F00935DAC /* Debug */ = {
			isa = XCBuildConfiguration;
			buildSettings = {
				ALWAYS_SEARCH_USER_PATHS = NO;
				CLANG_CXX_LANGUAGE_STANDARD = "gnu++0x";
				CLANG_CXX_LIBRARY = "libc++";
				CLANG_ENABLE_MODULES = YES;
				CLANG_ENABLE_OBJC_ARC = YES;
				CLANG_WARN_BOOL_CONVERSION = YES;
				CLANG_WARN_CONSTANT_CONVERSION = YES;
				CLANG_WARN_DIRECT_OBJC_ISA_USAGE = YES_ERROR;
				CLANG_WARN_EMPTY_BODY = YES;
				CLANG_WARN_ENUM_CONVERSION = YES;
				CLANG_WARN_INT_CONVERSION = YES;
				CLANG_WARN_OBJC_ROOT_CLASS = YES_ERROR;
				CLANG_WARN_UNREACHABLE_CODE = YES;
				CLANG_WARN__DUPLICATE_METHOD_MATCH = YES;
				"CODE_SIGN_IDENTITY[sdk=iphoneos*]" = "iPhone Developer";
				COPY_PHASE_STRIP = NO;
				DEBUG_INFORMATION_FORMAT = dwarf;
				ENABLE_STRICT_OBJC_MSGSEND = YES;
				ENABLE_TESTABILITY = YES;
				GCC_C_LANGUAGE_STANDARD = gnu99;
				GCC_DYNAMIC_NO_PIC = NO;
				GCC_NO_COMMON_BLOCKS = YES;
				GCC_OPTIMIZATION_LEVEL = 0;
				GCC_PREPROCESSOR_DEFINITIONS = (
					"DEBUG=1",
					"$(inherited)",
				);
				GCC_WARN_64_TO_32_BIT_CONVERSION = YES;
				GCC_WARN_ABOUT_RETURN_TYPE = YES_ERROR;
				GCC_WARN_UNDECLARED_SELECTOR = YES;
				GCC_WARN_UNINITIALIZED_AUTOS = YES_AGGRESSIVE;
				GCC_WARN_UNUSED_FUNCTION = YES;
				GCC_WARN_UNUSED_VARIABLE = YES;
				IPHONEOS_DEPLOYMENT_TARGET = 9.1;
				MTL_ENABLE_DEBUG_INFO = YES;
				ONLY_ACTIVE_ARCH = YES;
				SDKROOT = iphoneos;
				SWIFT_OPTIMIZATION_LEVEL = "-Onone";
				TARGETED_DEVICE_FAMILY = 2;
			};
			name = Debug;
		};
		EB4ABE111C14552F00935DAC /* Release */ = {
			isa = XCBuildConfiguration;
			buildSettings = {
				ALWAYS_SEARCH_USER_PATHS = NO;
				CLANG_CXX_LANGUAGE_STANDARD = "gnu++0x";
				CLANG_CXX_LIBRARY = "libc++";
				CLANG_ENABLE_MODULES = YES;
				CLANG_ENABLE_OBJC_ARC = YES;
				CLANG_WARN_BOOL_CONVERSION = YES;
				CLANG_WARN_CONSTANT_CONVERSION = YES;
				CLANG_WARN_DIRECT_OBJC_ISA_USAGE = YES_ERROR;
				CLANG_WARN_EMPTY_BODY = YES;
				CLANG_WARN_ENUM_CONVERSION = YES;
				CLANG_WARN_INT_CONVERSION = YES;
				CLANG_WARN_OBJC_ROOT_CLASS = YES_ERROR;
				CLANG_WARN_UNREACHABLE_CODE = YES;
				CLANG_WARN__DUPLICATE_METHOD_MATCH = YES;
				"CODE_SIGN_IDENTITY[sdk=iphoneos*]" = "iPhone Developer";
				COPY_PHASE_STRIP = NO;
				DEBUG_INFORMATION_FORMAT = "dwarf-with-dsym";
				ENABLE_NS_ASSERTIONS = NO;
				ENABLE_STRICT_OBJC_MSGSEND = YES;
				GCC_C_LANGUAGE_STANDARD = gnu99;
				GCC_NO_COMMON_BLOCKS = YES;
				GCC_WARN_64_TO_32_BIT_CONVERSION = YES;
				GCC_WARN_ABOUT_RETURN_TYPE = YES_ERROR;
				GCC_WARN_UNDECLARED_SELECTOR = YES;
				GCC_WARN_UNINITIALIZED_AUTOS = YES_AGGRESSIVE;
				GCC_WARN_UNUSED_FUNCTION = YES;
				GCC_WARN_UNUSED_VARIABLE = YES;
				IPHONEOS_DEPLOYMENT_TARGET = 9.1;
				MTL_ENABLE_DEBUG_INFO = NO;
				SDKROOT = iphoneos;
				TARGETED_DEVICE_FAMILY = 2;
				VALIDATE_PRODUCT = YES;
			};
			name = Release;
		};
		EB4ABE131C14552F00935DAC /* Debug */ = {
			isa = XCBuildConfiguration;
			buildSettings = {
				ASSETCATALOG_COMPILER_APPICON_NAME = AppIcon;
				INFOPLIST_FILE = "Edoardo DC/Info.plist";
				IPHONEOS_DEPLOYMENT_TARGET = 8.4;
				LD_RUNPATH_SEARCH_PATHS = "$(inherited) @executable_path/Frameworks";
				PRODUCT_BUNDLE_IDENTIFIER = "com.wec.Edoardo-DC";
				PRODUCT_NAME = "$(TARGET_NAME)";
			};
			name = Debug;
		};
		EB4ABE141C14552F00935DAC /* Release */ = {
			isa = XCBuildConfiguration;
			buildSettings = {
				ASSETCATALOG_COMPILER_APPICON_NAME = AppIcon;
				INFOPLIST_FILE = "Edoardo DC/Info.plist";
				IPHONEOS_DEPLOYMENT_TARGET = 8.4;
				LD_RUNPATH_SEARCH_PATHS = "$(inherited) @executable_path/Frameworks";
				PRODUCT_BUNDLE_IDENTIFIER = "com.wec.Edoardo-DC";
				PRODUCT_NAME = "$(TARGET_NAME)";
			};
			name = Release;
		};
		EB4ABE161C14552F00935DAC /* Debug */ = {
			isa = XCBuildConfiguration;
			buildSettings = {
				BUNDLE_LOADER = "$(TEST_HOST)";
				INFOPLIST_FILE = "Edoardo DCTests/Info.plist";
				LD_RUNPATH_SEARCH_PATHS = "$(inherited) @executable_path/Frameworks @loader_path/Frameworks";
				PRODUCT_BUNDLE_IDENTIFIER = "com.wec.Edoardo-DCTests";
				PRODUCT_NAME = "$(TARGET_NAME)";
				TEST_HOST = "$(BUILT_PRODUCTS_DIR)/Edoardo DC.app/Edoardo DC";
			};
			name = Debug;
		};
		EB4ABE171C14552F00935DAC /* Release */ = {
			isa = XCBuildConfiguration;
			buildSettings = {
				BUNDLE_LOADER = "$(TEST_HOST)";
				INFOPLIST_FILE = "Edoardo DCTests/Info.plist";
				LD_RUNPATH_SEARCH_PATHS = "$(inherited) @executable_path/Frameworks @loader_path/Frameworks";
				PRODUCT_BUNDLE_IDENTIFIER = "com.wec.Edoardo-DCTests";
				PRODUCT_NAME = "$(TARGET_NAME)";
				TEST_HOST = "$(BUILT_PRODUCTS_DIR)/Edoardo DC.app/Edoardo DC";
			};
			name = Release;
		};
		EB4ABE191C14552F00935DAC /* Debug */ = {
			isa = XCBuildConfiguration;
			buildSettings = {
				INFOPLIST_FILE = "Edoardo DCUITests/Info.plist";
				LD_RUNPATH_SEARCH_PATHS = "$(inherited) @executable_path/Frameworks @loader_path/Frameworks";
				PRODUCT_BUNDLE_IDENTIFIER = "com.wec.Edoardo-DCUITests";
				PRODUCT_NAME = "$(TARGET_NAME)";
				TEST_TARGET_NAME = "Edoardo DC";
				USES_XCTRUNNER = YES;
			};
			name = Debug;
		};
		EB4ABE1A1C14552F00935DAC /* Release */ = {
			isa = XCBuildConfiguration;
			buildSettings = {
				INFOPLIST_FILE = "Edoardo DCUITests/Info.plist";
				LD_RUNPATH_SEARCH_PATHS = "$(inherited) @executable_path/Frameworks @loader_path/Frameworks";
				PRODUCT_BUNDLE_IDENTIFIER = "com.wec.Edoardo-DCUITests";
				PRODUCT_NAME = "$(TARGET_NAME)";
				TEST_TARGET_NAME = "Edoardo DC";
				USES_XCTRUNNER = YES;
			};
			name = Release;
		};
/* End XCBuildConfiguration section */

/* Begin XCConfigurationList section */
		EB4ABDE51C14552F00935DAC /* Build configuration list for PBXProject "Edoardo DC" */ = {
			isa = XCConfigurationList;
			buildConfigurations = (
				EB4ABE101C14552F00935DAC /* Debug */,
				EB4ABE111C14552F00935DAC /* Release */,
			);
			defaultConfigurationIsVisible = 0;
			defaultConfigurationName = Release;
		};
		EB4ABE121C14552F00935DAC /* Build configuration list for PBXNativeTarget "Edoardo DC" */ = {
			isa = XCConfigurationList;
			buildConfigurations = (
				EB4ABE131C14552F00935DAC /* Debug */,
				EB4ABE141C14552F00935DAC /* Release */,
			);
			defaultConfigurationIsVisible = 0;
		};
		EB4ABE151C14552F00935DAC /* Build configuration list for PBXNativeTarget "Edoardo DCTests" */ = {
			isa = XCConfigurationList;
			buildConfigurations = (
				EB4ABE161C14552F00935DAC /* Debug */,
				EB4ABE171C14552F00935DAC /* Release */,
			);
			defaultConfigurationIsVisible = 0;
		};
		EB4ABE181C14552F00935DAC /* Build configuration list for PBXNativeTarget "Edoardo DCUITests" */ = {
			isa = XCConfigurationList;
			buildConfigurations = (
				EB4ABE191C14552F00935DAC /* Debug */,
				EB4ABE1A1C14552F00935DAC /* Release */,
			);
			defaultConfigurationIsVisible = 0;
		};
/* End XCConfigurationList section */
	};
	rootObject = EB4ABDE21C14552F00935DAC /* Project object */;
}
